
Microsoft Visual Studio Solution File, Format Version 12.00
# Visual Studio 14
VisualStudioVersion = 14.0.25420.1
MinimumVisualStudioVersion = 10.0.40219.1
Project("{FAE04EC0-301F-11D3-BF4B-00C04F79EFBC}") = "AppV2", "AppV2\AppV2.csproj", "{74BC5075-9643-4E30-8F90-9EB3C6563A4E}"
EndProject
Project("{FAE04EC0-301F-11D3-BF4B-00C04F79EFBC}") = "AppV2.Tests", "AppV2.Tests\AppV2.Tests.csproj", "{C70BD207-26BF-4F73-BAE2-12966F47FF54}"
EndProject
Project("{FAE04EC0-301F-11D3-BF4B-00C04F79EFBC}") = "Data", "Data\Data.csproj", "{15FA43D1-07AE-4819-8C8C-9F052BF204E0}"
EndProject
Project("{FAE04EC0-301F-11D3-BF4B-00C04F79EFBC}") = "DataAccess", "DataAccess\DataAccess.csproj", "{80873DA1-3DAB-4AB2-B68F-95EB0B25AA39}"
EndProject
Project("{FAE04EC0-301F-11D3-BF4B-00C04F79EFBC}") = "Entidades", "Entidades\Entidades.csproj", "{D1AA89A0-E2EC-470A-B810-2782866537C6}"
EndProject
Project("{FAE04EC0-301F-11D3-BF4B-00C04F79EFBC}") = "LogicAccess", "LogicAccess\LogicAccess.csproj", "{57E542F6-4661-4574-9CD0-18E7CA348B65}"
EndProject
Global
	GlobalSection(SolutionConfigurationPlatforms) = preSolution
		Debug|Any CPU = Debug|Any CPU
		Release|Any CPU = Release|Any CPU
	EndGlobalSection
	GlobalSection(ProjectConfigurationPlatforms) = postSolution
		{74BC5075-9643-4E30-8F90-9EB3C6563A4E}.Debug|Any CPU.ActiveCfg = Debug|Any CPU
		{74BC5075-9643-4E30-8F90-9EB3C6563A4E}.Debug|Any CPU.Build.0 = Debug|Any CPU
		{74BC5075-9643-4E30-8F90-9EB3C6563A4E}.Release|Any CPU.ActiveCfg = Release|Any CPU
		{74BC5075-9643-4E30-8F90-9EB3C6563A4E}.Release|Any CPU.Build.0 = Release|Any CPU
		{C70BD207-26BF-4F73-BAE2-12966F47FF54}.Debug|Any CPU.ActiveCfg = Debug|Any CPU
		{C70BD207-26BF-4F73-BAE2-12966F47FF54}.Debug|Any CPU.Build.0 = Debug|Any CPU
		{C70BD207-26BF-4F73-BAE2-12966F47FF54}.Release|Any CPU.ActiveCfg = Release|Any CPU
		{C70BD207-26BF-4F73-BAE2-12966F47FF54}.Release|Any CPU.Build.0 = Release|Any CPU
		{15FA43D1-07AE-4819-8C8C-9F052BF204E0}.Debug|Any CPU.ActiveCfg = Debug|Any CPU
		{15FA43D1-07AE-4819-8C8C-9F052BF204E0}.Debug|Any CPU.Build.0 = Debug|Any CPU
		{15FA43D1-07AE-4819-8C8C-9F052BF204E0}.Release|Any CPU.ActiveCfg = Release|Any CPU
		{15FA43D1-07AE-4819-8C8C-9F052BF204E0}.Release|Any CPU.Build.0 = Release|Any CPU
		{80873DA1-3DAB-4AB2-B68F-95EB0B25AA39}.Debug|Any CPU.ActiveCfg = Debug|Any CPU
		{80873DA1-3DAB-4AB2-B68F-95EB0B25AA39}.Debug|Any CPU.Build.0 = Debug|Any CPU
		{80873DA1-3DAB-4AB2-B68F-95EB0B25AA39}.Release|Any CPU.ActiveCfg = Release|Any CPU
		{80873DA1-3DAB-4AB2-B68F-95EB0B25AA39}.Release|Any CPU.Build.0 = Release|Any CPU
		{D1AA89A0-E2EC-470A-B810-2782866537C6}.Debug|Any CPU.ActiveCfg = Debug|Any CPU
		{D1AA89A0-E2EC-470A-B810-2782866537C6}.Debug|Any CPU.Build.0 = Debug|Any CPU
		{D1AA89A0-E2EC-470A-B810-2782866537C6}.Release|Any CPU.ActiveCfg = Release|Any CPU
		{D1AA89A0-E2EC-470A-B810-2782866537C6}.Release|Any CPU.Build.0 = Release|Any CPU
		{57E542F6-4661-4574-9CD0-18E7CA348B65}.Debug|Any CPU.ActiveCfg = Debug|Any CPU
		{57E542F6-4661-4574-9CD0-18E7CA348B65}.Debug|Any CPU.Build.0 = Debug|Any CPU
		{57E542F6-4661-4574-9CD0-18E7CA348B65}.Release|Any CPU.ActiveCfg = Release|Any CPU
		{57E542F6-4661-4574-9CD0-18E7CA348B65}.Release|Any CPU.Build.0 = Release|Any CPU
	EndGlobalSection
	GlobalSection(SolutionProperties) = preSolution
		HideSolutionNode = FALSE
	EndGlobalSection
EndGlobal
